
Microsoft Visual Studio Solution File, Format Version 12.00
# Visual Studio Version 17
VisualStudioVersion = 17.11.35303.130
MinimumVisualStudioVersion = 10.0.40219.1
Project("{9A19103F-16F7-4668-BE54-9A1E7A4F7556}") = "MinimalAPI", "MinimalAPI\MinimalAPI.csproj", "{13A5AA87-168A-41A2-BFF6-2605628D0BBB}"
EndProject
Project("{9A19103F-16F7-4668-BE54-9A1E7A4F7556}") = "MVC", "MVC\MVC.csproj", "{55C57291-540E-4F4A-A1DA-77AD6FA7BC06}"
EndProject
Project("{9A19103F-16F7-4668-BE54-9A1E7A4F7556}") = "BlazorApp", "BlazorApp\BlazorApp.csproj", "{FE8BB5F2-22CD-4AD4-AC70-01692E1FBC7F}"
EndProject
Project("{FAE04EC0-301F-11D3-BF4B-00C04F79EFBC}") = "API1", "API1\API1.csproj", "{7A55A2EC-76B1-4737-A8D3-FBF3FD890235}"
EndProject
Global
	GlobalSection(SolutionConfigurationPlatforms) = preSolution
		Debug|Any CPU = Debug|Any CPU
		Release|Any CPU = Release|Any CPU
	EndGlobalSection
	GlobalSection(ProjectConfigurationPlatforms) = postSolution
		{13A5AA87-168A-41A2-BFF6-2605628D0BBB}.Debug|Any CPU.ActiveCfg = Debug|Any CPU
		{13A5AA87-168A-41A2-BFF6-2605628D0BBB}.Debug|Any CPU.Build.0 = Debug|Any CPU
		{13A5AA87-168A-41A2-BFF6-2605628D0BBB}.Release|Any CPU.ActiveCfg = Release|Any CPU
		{13A5AA87-168A-41A2-BFF6-2605628D0BBB}.Release|Any CPU.Build.0 = Release|Any CPU
		{55C57291-540E-4F4A-A1DA-77AD6FA7BC06}.Debug|Any CPU.ActiveCfg = Debug|Any CPU
		{55C57291-540E-4F4A-A1DA-77AD6FA7BC06}.Debug|Any CPU.Build.0 = Debug|Any CPU
		{55C57291-540E-4F4A-A1DA-77AD6FA7BC06}.Release|Any CPU.ActiveCfg = Release|Any CPU
		{55C57291-540E-4F4A-A1DA-77AD6FA7BC06}.Release|Any CPU.Build.0 = Release|Any CPU
		{FE8BB5F2-22CD-4AD4-AC70-01692E1FBC7F}.Debug|Any CPU.ActiveCfg = Debug|Any CPU
		{FE8BB5F2-22CD-4AD4-AC70-01692E1FBC7F}.Debug|Any CPU.Build.0 = Debug|Any CPU
		{FE8BB5F2-22CD-4AD4-AC70-01692E1FBC7F}.Release|Any CPU.ActiveCfg = Release|Any CPU
		{FE8BB5F2-22CD-4AD4-AC70-01692E1FBC7F}.Release|Any CPU.Build.0 = Release|Any CPU
		{7A55A2EC-76B1-4737-A8D3-FBF3FD890235}.Debug|Any CPU.ActiveCfg = Debug|Any CPU
		{7A55A2EC-76B1-4737-A8D3-FBF3FD890235}.Debug|Any CPU.Build.0 = Debug|Any CPU
		{7A55A2EC-76B1-4737-A8D3-FBF3FD890235}.Release|Any CPU.ActiveCfg = Release|Any CPU
		{7A55A2EC-76B1-4737-A8D3-FBF3FD890235}.Release|Any CPU.Build.0 = Release|Any CPU
	EndGlobalSection
	GlobalSection(SolutionProperties) = preSolution
		HideSolutionNode = FALSE
	EndGlobalSection
	GlobalSection(ExtensibilityGlobals) = postSolution
		SolutionGuid = {C0E49181-3C1F-4421-92F0-D1D8668140E1}
	EndGlobalSection
EndGlobal
